
Microsoft Visual Studio Solution File, Format Version 12.00
# Visual Studio 15
VisualStudioVersion = 15.0.27703.2026
MinimumVisualStudioVersion = 10.0.40219.1
Project("{FAE04EC0-301F-11D3-BF4B-00C04F79EFBC}") = "BotBuilderTranslationService", "BotBuilderTranslationService\BotBuilderTranslationService.csproj", "{AB40B97C-29C5-4F19-B76F-EE841278F49A}"
EndProject
Global
	GlobalSection(SolutionConfigurationPlatforms) = preSolution
		Debug|Any CPU = Debug|Any CPU
		Release|Any CPU = Release|Any CPU
	EndGlobalSection
	GlobalSection(ProjectConfigurationPlatforms) = postSolution
		{AB40B97C-29C5-4F19-B76F-EE841278F49A}.Debug|Any CPU.ActiveCfg = Debug|Any CPU
		{AB40B97C-29C5-4F19-B76F-EE841278F49A}.Debug|Any CPU.Build.0 = Debug|Any CPU
		{AB40B97C-29C5-4F19-B76F-EE841278F49A}.Release|Any CPU.ActiveCfg = Release|Any CPU
		{AB40B97C-29C5-4F19-B76F-EE841278F49A}.Release|Any CPU.Build.0 = Release|Any CPU
	EndGlobalSection
	GlobalSection(SolutionProperties) = preSolution
		HideSolutionNode = FALSE
	EndGlobalSection
	GlobalSection(ExtensibilityGlobals) = postSolution
		SolutionGuid = {5786F484-A7B6-40D4-9020-5F94BFAF7C52}
	EndGlobalSection
EndGlobal
